
Microsoft Visual Studio Solution File, Format Version 12.00
# Visual Studio Version 16
VisualStudioVersion = 16.0.29519.87
MinimumVisualStudioVersion = 10.0.40219.1
Project("{FAE04EC0-301F-11D3-BF4B-00C04F79EFBC}") = "Ansaripour", "Ansaripour\Ansaripour.csproj", "{3AF08CF1-7E58-45C3-B4DD-8336EE9083E2}"
EndProject
Global
	GlobalSection(SolutionConfigurationPlatforms) = preSolution
		Debug|Any CPU = Debug|Any CPU
		Release|Any CPU = Release|Any CPU
	EndGlobalSection
	GlobalSection(ProjectConfigurationPlatforms) = postSolution
		{3AF08CF1-7E58-45C3-B4DD-8336EE9083E2}.Debug|Any CPU.ActiveCfg = Debug|x86
		{3AF08CF1-7E58-45C3-B4DD-8336EE9083E2}.Release|Any CPU.ActiveCfg = Release|x86
	EndGlobalSection
	GlobalSection(SolutionProperties) = preSolution
		HideSolutionNode = FALSE
	EndGlobalSection
	GlobalSection(ExtensibilityGlobals) = postSolution
		SolutionGuid = {82716746-F8D0-4DA3-99D9-5BCA5B8F538C}
	EndGlobalSection
EndGlobal
